
Microsoft Visual Studio Solution File, Format Version 12.00
# Visual Studio Version 17
VisualStudioVersion = 17.5.33414.496
MinimumVisualStudioVersion = 10.0.40219.1
Project("{8BC9CEB8-8B4A-11D0-8D11-00A0C91BC942}") = "LinearSearch_145", "LinearSearch_145\LinearSearch_145.vcxproj", "{BAC2EF50-1B20-4859-AAFA-EC15FBBFD1DF}"
EndProject
Global
	GlobalSection(SolutionConfigurationPlatforms) = preSolution
		Debug|x64 = Debug|x64
		Debug|x86 = Debug|x86
		Release|x64 = Release|x64
		Release|x86 = Release|x86
	EndGlobalSection
	GlobalSection(ProjectConfigurationPlatforms) = postSolution
		{BAC2EF50-1B20-4859-AAFA-EC15FBBFD1DF}.Debug|x64.ActiveCfg = Debug|x64
		{BAC2EF50-1B20-4859-AAFA-EC15FBBFD1DF}.Debug|x64.Build.0 = Debug|x64
		{BAC2EF50-1B20-4859-AAFA-EC15FBBFD1DF}.Debug|x86.ActiveCfg = Debug|Win32
		{BAC2EF50-1B20-4859-AAFA-EC15FBBFD1DF}.Debug|x86.Build.0 = Debug|Win32
		{BAC2EF50-1B20-4859-AAFA-EC15FBBFD1DF}.Release|x64.ActiveCfg = Release|x64
		{BAC2EF50-1B20-4859-AAFA-EC15FBBFD1DF}.Release|x64.Build.0 = Release|x64
		{BAC2EF50-1B20-4859-AAFA-EC15FBBFD1DF}.Release|x86.ActiveCfg = Release|Win32
		{BAC2EF50-1B20-4859-AAFA-EC15FBBFD1DF}.Release|x86.Build.0 = Release|Win32
	EndGlobalSection
	GlobalSection(SolutionProperties) = preSolution
		HideSolutionNode = FALSE
	EndGlobalSection
	GlobalSection(ExtensibilityGlobals) = postSolution
		SolutionGuid = {30E3EF38-E536-4D08-93CA-937DFADFCD22}
	EndGlobalSection
EndGlobal
